github.com/ebitengine/gomobile v0.0.0-20241016134836-cc2e38a7c0ee h1:YoNt0DHeZ92kjR78SfyUn1yEf7KnBypOFlFZO14cJ6w=
github.com/ebitengine/gomobile v0.0.0-20241016134836-cc2e38a7c0ee/go.mod h1:ZDIonJlTRW7gahIn5dEXZtN4cM8Qwtlduob8cOCflmg=
github.com/ebitengine/hideconsole v1.0.0 h1:5J4U0kXF+pv/DhiXt5/lTz0eO5ogJ1iXb8Yj1yReDqE=
github.com/ebitengine/hideconsole v1.0.0/go.mod h1:hTTBTvVYWKBuxPr7peweneWdkUwEuHuB3C1R/ielR1A=
github.com/ebitengine/oto/v3 v3.1.0 h1:9tChG6rizyeR2w3vsygTTTVVJ9QMMyu00m2yBOCch6U=
github.com/ebitengine/oto/v3 v3.1.0/go.mod h1:IK1QTnlfZK2GIB6ziyECm433hAdTaPpOsGMLhEyEGTg=
github.com/ebitengine/oto/v3 v3.3.2 h1:VTWBsKX9eb+dXzaF4jEwQbs4yWIdXukJ0K40KgkpYlg=
github.com/ebitengine/oto/v3 v3.3.2/go.mod h1:MZeb/lwoC4DCOdiTIxYezrURTw7EvK/yF863+tmBI+U=
github.com/ebitengine/purego v0.6.1 h1:sjN8rfzbhXQ59/pE+wInswbU9aMDHiwlup4p/a07Mkg=
github.com/ebitengine/purego v0.6.1/go.mod h1:ah1In8AOtksoNK6yk5z1HTJeUkC1Ez4Wk2idgGslMwQ=
github.com/ebitengine/purego v0.8.2 h1:jPPGWs2sZ1UgOSgD2bClL0MJIqu58nOmIcBuXr62z1I=
github.com/ebitengine/purego v0.8.2/go.mod h1:iIjxzd6CiRiOG0UyXP+V1+jWqUXVjPKLAI0mRfJZTmQ=
github.com/go-text/typesetting v0.2.0 h1:fbzsgbmk04KiWtE+c3ZD4W2nmCRzBqrqQOvYlwAOdho=
github.com/go-text/typesetting v0.2.0/go.mod h1:2+owI/sxa73XA581LAzVuEBZ3WEEV2pXeDswCH/3i1I=
github.com/hajimehoshi/bitmapfont/v3 v3.0.0 h1:r2+6gYK38nfztS/et50gHAswb9hXgxXECYgE8Nczmi4=
github.com/hajimehoshi/bitmapfont/v3 v3.0.0/go.mod h1:+CxxG+uMmgU4mI2poq944i3uZ6UYFfAkj9V6WqmuvZA=
github.com/hajimehoshi/bitmapfont/v3 v3.2.0 h1:0DISQM/rseKIJhdF29AkhvdzIULqNIIlXAGWit4ez1Q=
github.com/hajimehoshi/ebiten/v2 v2.6.6 h1:E5X87Or4VwKZIKjeC9+Vr4ComhZAz9h839myF4Q21kc=
github.com/hajimehoshi/ebiten/v2 v2.6.6/go.mod h1:gKgQI26zfoSb6j5QbrEz2L6nuHMbAYwrsXa5qsGrQKo=
github.com/hajimehoshi/ebiten/v2 v2.8.6 h1:Dkd/sYI0TYyZRCE7GVxV59XC+WCi2BbGAbIBjXeVC1U=
github.com/hajimehoshi/ebiten/v2 v2.8.6/go.mod h1:cCQ3np7rdmaJa1ZnvslraVlpxNb3wCjEnAP1LHNyXNA=
github.com/jezek/xgb v1.1.1 h1:bE/r8ZZtSv7l9gk6nU0mYx51aXrvnyb44892TwSaqS4=
github.com/jezek/xgb v1.1.1/go.mod h1:nrhwO0FX/enq75I7Y7G8iN1ubpSGZEiA3v9e9GyRFlk=
golang.org/x/exp/shiny v0.0.0-20240222234643-814bf88cf225 h1:5c1vh6Z0LHEVurVuFE5ElIYhjVG+nP7ZGFB3yx9yTVA=
golang.org/x/exp/shiny v0.0.0-20240222234643-814bf88cf225/go.mod h1:3F+MieQB7dRYLTmnncoFbb1crS5lfQoTfDgQy6K4N0o=
golang.org/x/exp/shiny v0.0.0-20250128182459-e0ece0dbea4c h1:AzlOwVOzg9/TC0mf6tGMBxOBbGSKP6tPJiDUThsGWkE=
golang.org/x/exp/shiny v0.0.0-20250128182459-e0ece0dbea4c/go.mod h1:3F+MieQB7dRYLTmnncoFbb1crS5lfQoTfDgQy6K4N0o=
golang.org/x/image v0.23.0 h1:HseQ7c2OpPKTPVzNjG5fwJsOTCiiwS4QdsYi5XU6H68=
golang.org/x/image v0.23.0/go.mod h1:wJJBTdLfCCf3tiHa1fNxpZmUI4mmoZvwMCPP0ddoNKY=
golang.org/x/mobile v0.0.0-20240213143359-d1f7d3436075 h1:iZzqyDd8gFkJZpsJNzveyScRBcQlsveheh6Q77LzhPY=
golang.org/x/mobile v0.0.0-20240213143359-d1f7d3436075/go.mod h1:Y8Bnziw2dX69ZhYuqQB8Ihyjks1Q6fMmbg17j9+ISNA=
golang.org/x/mobile v0.0.0-20250106192035-c31d5b91ecc3 h1:8LrYkH99trX3onYF3dT9frUSRDXokkceG+9tHBaDAFQ=
golang.org/x/mobile v0.0.0-20250106192035-c31d5b91ecc3/go.mod h1:sY92m3V/rTEa4JCJ1FkKHK978K6wxOSX1PStMYo+6wI=
golang.org/x/sync v0.10.0 h1:3NQrjDixjgGwUOCaF8w2+VYHv0Ve/vGYSbdkTa98gmQ=
golang.org/x/sync v0.10.0/go.mod h1:Czt+wKu1gCyEFDUtn0jG5QVvpJ6rzVqr5aXyt9drQfk=
golang.org/x/sys v0.17.0 h1:25cE3gD+tdBA7lp7QfhuV+rJiE9YXTcS3VG1SqssI/Y=
golang.org/x/sys v0.17.0/go.mod h1:/VUhepiaJMQUp4+oa/7Zr1D23ma6VTLIYjOOTFZPUcA=
golang.org/x/sys v0.29.0 h1:TPYlXGxvx1MGTn2GiZDhnjPA9wZzZeGKHHmKhHYvgaU=
golang.org/x/sys v0.29.0/go.mod h1:/VUhepiaJMQUp4+oa/7Zr1D23ma6VTLIYjOOTFZPUcA=
golang.org/x/text v0.21.0 h1:zyQAAkrwaneQ066sspRyJaG9VNi/YJ1NfzcGB3hZ/qo=
golang.org/x/text v0.21.0/go.mod h1:4IBbMaMmOPCJ8SecivzSH54+73PCFmPWxNTLm+vZkEQ=
